
Microsoft Visual Studio Solution File, Format Version 12.00
# Visual Studio Version 17
VisualStudioVersion = 17.10.35027.167
MinimumVisualStudioVersion = 10.0.40219.1
Project("{9A19103F-16F7-4668-BE54-9A1E7A4F7556}") = "Porcupine.SeleniumAssessment", "Porcupine.SeleniumAssessment\Porcupine.SeleniumAssessment.csproj", "{59CE09C2-C087-4375-B4AB-883588C8B538}"
EndProject
Project("{9A19103F-16F7-4668-BE54-9A1E7A4F7556}") = "SeleniumLoginTest", "LoginTest\SeleniumLoginTest.csproj", "{657939C8-8DDE-44EA-B49A-2A1ED53822E5}"
EndProject
Global
	GlobalSection(SolutionConfigurationPlatforms) = preSolution
		Debug|Any CPU = Debug|Any CPU
		Release|Any CPU = Release|Any CPU
	EndGlobalSection
	GlobalSection(ProjectConfigurationPlatforms) = postSolution
		{59CE09C2-C087-4375-B4AB-883588C8B538}.Debug|Any CPU.ActiveCfg = Debug|Any CPU
		{59CE09C2-C087-4375-B4AB-883588C8B538}.Debug|Any CPU.Build.0 = Debug|Any CPU
		{59CE09C2-C087-4375-B4AB-883588C8B538}.Release|Any CPU.ActiveCfg = Release|Any CPU
		{59CE09C2-C087-4375-B4AB-883588C8B538}.Release|Any CPU.Build.0 = Release|Any CPU
		{657939C8-8DDE-44EA-B49A-2A1ED53822E5}.Debug|Any CPU.ActiveCfg = Debug|Any CPU
		{657939C8-8DDE-44EA-B49A-2A1ED53822E5}.Debug|Any CPU.Build.0 = Debug|Any CPU
		{657939C8-8DDE-44EA-B49A-2A1ED53822E5}.Release|Any CPU.ActiveCfg = Release|Any CPU
		{657939C8-8DDE-44EA-B49A-2A1ED53822E5}.Release|Any CPU.Build.0 = Release|Any CPU
	EndGlobalSection
	GlobalSection(SolutionProperties) = preSolution
		HideSolutionNode = FALSE
	EndGlobalSection
	GlobalSection(ExtensibilityGlobals) = postSolution
		SolutionGuid = {BDC35B11-FF57-4213-8C4F-A9ACA7C550E5}
	EndGlobalSection
EndGlobal
